
Microsoft Visual Studio Solution File, Format Version 12.00
Project("{2150E333-8FDC-42A3-9474-1A3956D46DE8}") = "src", "src", "{2858A357-4A8F-4786-8E29-DA31A0A932A3}"
EndProject
Project("{FAE04EC0-301F-11D3-BF4B-00C04F79EFBC}") = "Behlog.Extra", "src\Behlog.Extra\Behlog.Extra.csproj", "{01223CC2-6EA3-4A25-9881-190D9A0FD1CB}"
EndProject
Global
	GlobalSection(SolutionConfigurationPlatforms) = preSolution
		Debug|Any CPU = Debug|Any CPU
		Release|Any CPU = Release|Any CPU
	EndGlobalSection
	GlobalSection(NestedProjects) = preSolution
		{01223CC2-6EA3-4A25-9881-190D9A0FD1CB} = {2858A357-4A8F-4786-8E29-DA31A0A932A3}
	EndGlobalSection
	GlobalSection(ProjectConfigurationPlatforms) = postSolution
		{01223CC2-6EA3-4A25-9881-190D9A0FD1CB}.Debug|Any CPU.ActiveCfg = Debug|Any CPU
		{01223CC2-6EA3-4A25-9881-190D9A0FD1CB}.Debug|Any CPU.Build.0 = Debug|Any CPU
		{01223CC2-6EA3-4A25-9881-190D9A0FD1CB}.Release|Any CPU.ActiveCfg = Release|Any CPU
		{01223CC2-6EA3-4A25-9881-190D9A0FD1CB}.Release|Any CPU.Build.0 = Release|Any CPU
	EndGlobalSection
EndGlobal
